// !$*UTF8*$!
{
	archiveVersion = 1;
	classes = {
	};
	objectVersion = 50;
	objects = {

/* Begin PBXBuildFile section */
		D258382C904CB48A4FD07E6B /* Pods_SwiftCardReader.framework in Frameworks */ = {isa = PBXBuildFile; fileRef = 1AABECAB5C62502931B60BF7 /* Pods_SwiftCardReader.framework */; };
		D52CB71B2413D22C00DB8EF6 /* AppDelegate.swift in Sources */ = {isa = PBXBuildFile; fileRef = D52CB71A2413D22C00DB8EF6 /* AppDelegate.swift */; };
		D52CB71D2413D22C00DB8EF6 /* SceneDelegate.swift in Sources */ = {isa = PBXBuildFile; fileRef = D52CB71C2413D22C00DB8EF6 /* SceneDelegate.swift */; };
		D52CB71F2413D22C00DB8EF6 /* ViewController.swift in Sources */ = {isa = PBXBuildFile; fileRef = D52CB71E2413D22C00DB8EF6 /* ViewController.swift */; };
		D52CB7222413D22C00DB8EF6 /* Main.storyboard in Resources */ = {isa = PBXBuildFile; fileRef = D52CB7202413D22C00DB8EF6 /* Main.storyboard */; };
		D52CB7242413D22E00DB8EF6 /* Assets.xcassets in Resources */ = {isa = PBXBuildFile; fileRef = D52CB7232413D22E00DB8EF6 /* Assets.xcassets */; };
		D52CB7272413D22E00DB8EF6 /* LaunchScreen.storyboard in Resources */ = {isa = PBXBuildFile; fileRef = D52CB7252413D22E00DB8EF6 /* LaunchScreen.storyboard */; };
/* End PBXBuildFile section */

/* Begin PBXFileReference section */
		1AABECAB5C62502931B60BF7 /* Pods_SwiftCardReader.framework */ = {isa = PBXFileReference; explicitFileType = wrapper.framework; includeInIndex = 0; path = Pods_SwiftCardReader.framework; sourceTree = BUILT_PRODUCTS_DIR; };
		1C7122978D7702CAFA5112B9 /* Pods-SwiftCardReader.debug.xcconfig */ = {isa = PBXFileReference; includeInIndex = 1; lastKnownFileType = text.xcconfig; name = "Pods-SwiftCardReader.debug.xcconfig"; path = "Target Support Files/Pods-SwiftCardReader/Pods-SwiftCardReader.debug.xcconfig"; sourceTree = "<group>"; };
		3D26A91DBC1ABB4700B0138F /* Pods-SwiftCardReader.release.xcconfig */ = {isa = PBXFileReference; includeInIndex = 1; lastKnownFileType = text.xcconfig; name = "Pods-SwiftCardReader.release.xcconfig"; path = "Target Support Files/Pods-SwiftCardReader/Pods-SwiftCardReader.release.xcconfig"; sourceTree = "<group>"; };
		D52CB7172413D22B00DB8EF6 /* SwiftCardReader.app */ = {isa = PBXFileReference; explicitFileType = wrapper.application; includeInIndex = 0; path = SwiftCardReader.app; sourceTree = BUILT_PRODUCTS_DIR; };
		D52CB71A2413D22C00DB8EF6 /* AppDelegate.swift */ = {isa = PBXFileReference; lastKnownFileType = sourcecode.swift; path = AppDelegate.swift; sourceTree = "<group>"; };
		D52CB71C2413D22C00DB8EF6 /* SceneDelegate.swift */ = {isa = PBXFileReference; lastKnownFileType = sourcecode.swift; path = SceneDelegate.swift; sourceTree = "<group>"; };
		D52CB71E2413D22C00DB8EF6 /* ViewController.swift */ = {isa = PBXFileReference; lastKnownFileType = sourcecode.swift; path = ViewController.swift; sourceTree = "<group>"; };
		D52CB7212413D22C00DB8EF6 /* Base */ = {isa = PBXFileReference; lastKnownFileType = file.storyboard; name = Base; path = Base.lproj/Main.storyboard; sourceTree = "<group>"; };
		D52CB7232413D22E00DB8EF6 /* Assets.xcassets */ = {isa = PBXFileReference; lastKnownFileType = folder.assetcatalog; path = Assets.xcassets; sourceTree = "<group>"; };
		D52CB7262413D22E00DB8EF6 /* Base */ = {isa = PBXFileReference; lastKnownFileType = file.storyboard; name = Base; path = Base.lproj/LaunchScreen.storyboard; sourceTree = "<group>"; };
		D52CB7282413D22E00DB8EF6 /* Info.plist */ = {isa = PBXFileReference; lastKnownFileType = text.plist.xml; path = Info.plist; sourceTree = "<group>"; };
/* End PBXFileReference section */

/* Begin PBXFrameworksBuildPhase section */
		D52CB7142413D22B00DB8EF6 /* Frameworks */ = {
			isa = PBXFrameworksBuildPhase;
			buildActionMask = 2147483647;
			files = (
				D258382C904CB48A4FD07E6B /* Pods_SwiftCardReader.framework in Frameworks */,
			);
			runOnlyForDeploymentPostprocessing = 0;
		};
/* End PBXFrameworksBuildPhase section */

/* Begin PBXGroup section */
		7667BA4D9107F7385E670A76 /* Pods */ = {
			isa = PBXGroup;
			children = (
				1C7122978D7702CAFA5112B9 /* Pods-SwiftCardReader.debug.xcconfig */,
				3D26A91DBC1ABB4700B0138F /* Pods-SwiftCardReader.release.xcconfig */,
			);
			name = Pods;
			path = Pods;
			sourceTree = "<group>";
		};
		D52CB70E2413D22B00DB8EF6 = {
			isa = PBXGroup;
			children = (
				D52CB7192413D22C00DB8EF6 /* SwiftCardReader */,
				D52CB7182413D22B00DB8EF6 /* Products */,
				7667BA4D9107F7385E670A76 /* Pods */,
				E3F1F98E223E0C8C198637FE /* Frameworks */,
			);
			sourceTree = "<group>";
		};
		D52CB7182413D22B00DB8EF6 /* Products */ = {
			isa = PBXGroup;
			children = (
				D52CB7172413D22B00DB8EF6 /* SwiftCardReader.app */,
			);
			name = Products;
			sourceTree = "<group>";
		};
		D52CB7192413D22C00DB8EF6 /* SwiftCardReader */ = {
			isa = PBXGroup;
			children = (
				D52CB71A2413D22C00DB8EF6 /* AppDelegate.swift */,
				D52CB71C2413D22C00DB8EF6 /* SceneDelegate.swift */,
				D52CB71E2413D22C00DB8EF6 /* ViewController.swift */,
				D52CB7202413D22C00DB8EF6 /* Main.storyboard */,
				D52CB7232413D22E00DB8EF6 /* Assets.xcassets */,
				D52CB7252413D22E00DB8EF6 /* LaunchScreen.storyboard */,
				D52CB7282413D22E00DB8EF6 /* Info.plist */,
			);
			path = SwiftCardReader;
			sourceTree = "<group>";
		};
		E3F1F98E223E0C8C198637FE /* Frameworks */ = {
			isa = PBXGroup;
			children = (
				1AABECAB5C62502931B60BF7 /* Pods_SwiftCardReader.framework */,
			);
			name = Frameworks;
			sourceTree = "<group>";
		};
/* End PBXGroup section */

/* Begin PBXNativeTarget section */
		D52CB7162413D22B00DB8EF6 /* SwiftCardReader */ = {
			isa = PBXNativeTarget;
			buildConfigurationList = D52CB72B2413D22E00DB8EF6 /* Build configuration list for PBXNativeTarget "SwiftCardReader" */;
			buildPhases = (
				9B9AEF71E0186F337397C732 /* [CP] Check Pods Manifest.lock */,
				D52CB7132413D22B00DB8EF6 /* Sources */,
				D52CB7142413D22B00DB8EF6 /* Frameworks */,
				D52CB7152413D22B00DB8EF6 /* Resources */,
				75F51022EF6B550E5B42987C /* [CP] Embed Pods Frameworks */,
				F7E4CDFA0FE8F1F75741CE9F /* [CP] Copy Pods Resources */,
			);
			buildRules = (
			);
			dependencies = (
			);
			name = SwiftCardReader;
			productName = SwiftCardReader;
			productReference = D52CB7172413D22B00DB8EF6 /* SwiftCardReader.app */;
			productType = "com.apple.product-type.application";
		};
/* End PBXNativeTarget section */

/* Begin PBXProject section */
		D52CB70F2413D22B00DB8EF6 /* Project object */ = {
			isa = PBXProject;
			attributes = {
				LastSwiftUpdateCheck = 1130;
				LastUpgradeCheck = 1130;
				ORGANIZATIONNAME = "Bilal Bakhrom";
				TargetAttributes = {
					D52CB7162413D22B00DB8EF6 = {
						CreatedOnToolsVersion = 11.3.1;
					};
				};
			};
			buildConfigurationList = D52CB7122413D22B00DB8EF6 /* Build configuration list for PBXProject "SwiftCardReader" */;
			compatibilityVersion = "Xcode 9.3";
			developmentRegion = en;
			hasScannedForEncodings = 0;
			knownRegions = (
				en,
				Base,
			);
			mainGroup = D52CB70E2413D22B00DB8EF6;
			productRefGroup = D52CB7182413D22B00DB8EF6 /* Products */;
			projectDirPath = "";
			projectRoot = "";
			targets = (
				D52CB7162413D22B00DB8EF6 /* SwiftCardReader */,
			);
		};
/* End PBXProject section */

/* Begin PBXResourcesBuildPhase section */
		D52CB7152413D22B00DB8EF6 /* Resources */ = {
			isa = PBXResourcesBuildPhase;
			buildActionMask = 2147483647;
			files = (
				D52CB7272413D22E00DB8EF6 /* LaunchScreen.storyboard in Resources */,
				D52CB7242413D22E00DB8EF6 /* Assets.xcassets in Resources */,
				D52CB7222413D22C00DB8EF6 /* Main.storyboard in Resources */,
			);
			runOnlyForDeploymentPostprocessing = 0;
		};
/* End PBXResourcesBuildPhase section */

/* Begin PBXShellScriptBuildPhase section */
		75F51022EF6B550E5B42987C /* [CP] Embed Pods Frameworks */ = {
			isa = PBXShellScriptBuildPhase;
			buildActionMask = 2147483647;
			files = (
			);
			inputFileListPaths = (
				"${PODS_ROOT}/Target Support Files/Pods-SwiftCardReader/Pods-SwiftCardReader-frameworks-${CONFIGURATION}-input-files.xcfilelist",
			);
			name = "[CP] Embed Pods Frameworks";
			outputFileListPaths = (
				"${PODS_ROOT}/Target Support Files/Pods-SwiftCardReader/Pods-SwiftCardReader-frameworks-${CONFIGURATION}-output-files.xcfilelist",
			);
			runOnlyForDeploymentPostprocessing = 0;
			shellPath = /bin/sh;
			shellScript = "\"${PODS_ROOT}/Target Support Files/Pods-SwiftCardReader/Pods-SwiftCardReader-frameworks.sh\"\n";
			showEnvVarsInLog = 0;
		};
		9B9AEF71E0186F337397C732 /* [CP] Check Pods Manifest.lock */ = {
			isa = PBXShellScriptBuildPhase;
			buildActionMask = 2147483647;
			files = (
			);
			inputFileListPaths = (
			);
			inputPaths = (
				"${PODS_PODFILE_DIR_PATH}/Podfile.lock",
				"${PODS_ROOT}/Manifest.lock",
			);
			name = "[CP] Check Pods Manifest.lock";
			outputFileListPaths = (
			);
			outputPaths = (
				"$(DERIVED_FILE_DIR)/Pods-SwiftCardReader-checkManifestLockResult.txt",
			);
			runOnlyForDeploymentPostprocessing = 0;
			shellPath = /bin/sh;
			shellScript = "diff \"${PODS_PODFILE_DIR_PATH}/Podfile.lock\" \"${PODS_ROOT}/Manifest.lock\" > /dev/null\nif [ $? != 0 ] ; then\n    # print error to STDERR\n    echo \"error: The sandbox is not in sync with the Podfile.lock. Run 'pod install' or update your CocoaPods installation.\" >&2\n    exit 1\nfi\n# This output is used by Xcode 'outputs' to avoid re-running this script phase.\necho \"SUCCESS\" > \"${SCRIPT_OUTPUT_FILE_0}\"\n";
			showEnvVarsInLog = 0;
		};
		F7E4CDFA0FE8F1F75741CE9F /* [CP] Copy Pods Resources */ = {
			isa = PBXShellScriptBuildPhase;
			buildActionMask = 2147483647;
			files = (
			);
			inputFileListPaths = (
				"${PODS_ROOT}/Target Support Files/Pods-SwiftCardReader/Pods-SwiftCardReader-resources-${CONFIGURATION}-input-files.xcfilelist",
			);
			name = "[CP] Copy Pods Resources";
			outputFileListPaths = (
				"${PODS_ROOT}/Target Support Files/Pods-SwiftCardReader/Pods-SwiftCardReader-resources-${CONFIGURATION}-output-files.xcfilelist",
			);
			runOnlyForDeploymentPostprocessing = 0;
			shellPath = /bin/sh;
			shellScript = "\"${PODS_ROOT}/Target Support Files/Pods-SwiftCardReader/Pods-SwiftCardReader-resources.sh\"\n";
			showEnvVarsInLog = 0;
		};
/* End PBXShellScriptBuildPhase section */

/* Begin PBXSourcesBuildPhase section */
		D52CB7132413D22B00DB8EF6 /* Sources */ = {
			isa = PBXSourcesBuildPhase;
			buildActionMask = 2147483647;
			files = (
				D52CB71F2413D22C00DB8EF6 /* ViewController.swift in Sources */,
				D52CB71B2413D22C00DB8EF6 /* AppDelegate.swift in Sources */,
				D52CB71D2413D22C00DB8EF6 /* SceneDelegate.swift in Sources */,
			);
			runOnlyForDeploymentPostprocessing = 0;
		};
/* End PBXSourcesBuildPhase section */

/* Begin PBXVariantGroup section */
		D52CB7202413D22C00DB8EF6 /* Main.storyboard */ = {
			isa = PBXVariantGroup;
			children = (
				D52CB7212413D22C00DB8EF6 /* Base */,
			);
			name = Main.storyboard;
			sourceTree = "<group>";
		};
		D52CB7252413D22E00DB8EF6 /* LaunchScreen.storyboard */ = {
			isa = PBXVariantGroup;
			children = (
				D52CB7262413D22E00DB8EF6 /* Base */,
			);
			name = LaunchScreen.storyboard;
			sourceTree = "<group>";
		};
/* End PBXVariantGroup section */

/* Begin XCBuildConfiguration section */
		D52CB7292413D22E00DB8EF6 /* Debug */ = {
			isa = XCBuildConfiguration;
			buildSettings = {
				ALWAYS_SEARCH_USER_PATHS = NO;
				CLANG_ANALYZER_NONNULL = YES;
				CLANG_ANALYZER_NUMBER_OBJECT_CONVERSION = YES_AGGRESSIVE;
				CLANG_CXX_LANGUAGE_STANDARD = "gnu++14";
				CLANG_CXX_LIBRARY = "libc++";
				CLANG_ENABLE_MODULES = YES;
				CLANG_ENABLE_OBJC_ARC = YES;
				CLANG_ENABLE_OBJC_WEAK = YES;
				CLANG_WARN_BLOCK_CAPTURE_AUTORELEASING = YES;
				CLANG_WARN_BOOL_CONVERSION = YES;
				CLANG_WARN_COMMA = YES;
				CLANG_WARN_CONSTANT_CONVERSION = YES;
				CLANG_WARN_DEPRECATED_OBJC_IMPLEMENTATIONS = YES;
				CLANG_WARN_DIRECT_OBJC_ISA_USAGE = YES_ERROR;
				CLANG_WARN_DOCUMENTATION_COMMENTS = YES;
				CLANG_WARN_EMPTY_BODY = YES;
				CLANG_WARN_ENUM_CONVERSION = YES;
				CLANG_WARN_INFINITE_RECURSION = YES;
				CLANG_WARN_INT_CONVERSION = YES;
				CLANG_WARN_NON_LITERAL_NULL_CONVERSION = YES;
				CLANG_WARN_OBJC_IMPLICIT_RETAIN_SELF = YES;
				CLANG_WARN_OBJC_LITERAL_CONVERSION = YES;
				CLANG_WARN_OBJC_ROOT_CLASS = YES_ERROR;
				CLANG_WARN_RANGE_LOOP_ANALYSIS = YES;
				CLANG_WARN_STRICT_PROTOTYPES = YES;
				CLANG_WARN_SUSPICIOUS_MOVE = YES;
				CLANG_WARN_UNGUARDED_AVAILABILITY = YES_AGGRESSIVE;
				CLANG_WARN_UNREACHABLE_CODE = YES;
				CLANG_WARN__DUPLICATE_METHOD_MATCH = YES;
				COPY_PHASE_STRIP = NO;
				DEBUG_INFORMATION_FORMAT = dwarf;
				ENABLE_STRICT_OBJC_MSGSEND = YES;
				ENABLE_TESTABILITY = YES;
				GCC_C_LANGUAGE_STANDARD = gnu11;
				GCC_DYNAMIC_NO_PIC = NO;
				GCC_NO_COMMON_BLOCKS = YES;
				GCC_OPTIMIZATION_LEVEL = 0;
				GCC_PREPROCESSOR_DEFINITIONS = (
					"DEBUG=1",
					"$(inherited)",
				);
				GCC_WARN_64_TO_32_BIT_CONVERSION = YES;
				GCC_WARN_ABOUT_RETURN_TYPE = YES_ERROR;
				GCC_WARN_UNDECLARED_SELECTOR = YES;
				GCC_WARN_UNINITIALIZED_AUTOS = YES_AGGRESSIVE;
				GCC_WARN_UNUSED_FUNCTION = YES;
				GCC_WARN_UNUSED_VARIABLE = YES;
				IPHONEOS_DEPLOYMENT_TARGET = 13.2;
				MTL_ENABLE_DEBUG_INFO = INCLUDE_SOURCE;
				MTL_FAST_MATH = YES;
				ONLY_ACTIVE_ARCH = YES;
				SDKROOT = iphoneos;
				SWIFT_ACTIVE_COMPILATION_CONDITIONS = DEBUG;
				SWIFT_OPTIMIZATION_LEVEL = "-Onone";
			};
			name = Debug;
		};
		D52CB72A2413D22E00DB8EF6 /* Release */ = {
			isa = XCBuildConfiguration;
			buildSettings = {
				ALWAYS_SEARCH_USER_PATHS = NO;
				CLANG_ANALYZER_NONNULL = YES;
				CLANG_ANALYZER_NUMBER_OBJECT_CONVERSION = YES_AGGRESSIVE;
				CLANG_CXX_LANGUAGE_STANDARD = "gnu++14";
				CLANG_CXX_LIBRARY = "libc++";
				CLANG_ENABLE_MODULES = YES;
				CLANG_ENABLE_OBJC_ARC = YES;
				CLANG_ENABLE_OBJC_WEAK = YES;
				CLANG_WARN_BLOCK_CAPTURE_AUTORELEASING = YES;
				CLANG_WARN_BOOL_CONVERSION = YES;
				CLANG_WARN_COMMA = YES;
				CLANG_WARN_CONSTANT_CONVERSION = YES;
				CLANG_WARN_DEPRECATED_OBJC_IMPLEMENTATIONS = YES;
				CLANG_WARN_DIRECT_OBJC_ISA_USAGE = YES_ERROR;
				CLANG_WARN_DOCUMENTATION_COMMENTS = YES;
				CLANG_WARN_EMPTY_BODY = YES;
				CLANG_WARN_ENUM_CONVERSION = YES;
				CLANG_WARN_INFINITE_RECURSION = YES;
				CLANG_WARN_INT_CONVERSION = YES;
				CLANG_WARN_NON_LITERAL_NULL_CONVERSION = YES;
				CLANG_WARN_OBJC_IMPLICIT_RETAIN_SELF = YES;
				CLANG_WARN_OBJC_LITERAL_CONVERSION = YES;
				CLANG_WARN_OBJC_ROOT_CLASS = YES_ERROR;
				CLANG_WARN_RANGE_LOOP_ANALYSIS = YES;
				CLANG_WARN_STRICT_PROTOTYPES = YES;
				CLANG_WARN_SUSPICIOUS_MOVE = YES;
				CLANG_WARN_UNGUARDED_AVAILABILITY = YES_AGGRESSIVE;
				CLANG_WARN_UNREACHABLE_CODE = YES;
				CLANG_WARN__DUPLICATE_METHOD_MATCH = YES;
				COPY_PHASE_STRIP = NO;
				DEBUG_INFORMATION_FORMAT = "dwarf-with-dsym";
				ENABLE_NS_ASSERTIONS = NO;
				ENABLE_STRICT_OBJC_MSGSEND = YES;
				GCC_C_LANGUAGE_STANDARD = gnu11;
				GCC_NO_COMMON_BLOCKS = YES;
				GCC_WARN_64_TO_32_BIT_CONVERSION = YES;
				GCC_WARN_ABOUT_RETURN_TYPE = YES_ERROR;
				GCC_WARN_UNDECLARED_SELECTOR = YES;
				GCC_WARN_UNINITIALIZED_AUTOS = YES_AGGRESSIVE;
				GCC_WARN_UNUSED_FUNCTION = YES;
				GCC_WARN_UNUSED_VARIABLE = YES;
				IPHONEOS_DEPLOYMENT_TARGET = 13.2;
				MTL_ENABLE_DEBUG_INFO = NO;
				MTL_FAST_MATH = YES;
				SDKROOT = iphoneos;
				SWIFT_COMPILATION_MODE = wholemodule;
				SWIFT_OPTIMIZATION_LEVEL = "-O";
				VALIDATE_PRODUCT = YES;
			};
			name = Release;
		};
		D52CB72C2413D22E00DB8EF6 /* Debug */ = {
			isa = XCBuildConfiguration;
			baseConfigurationReference = 1C7122978D7702CAFA5112B9 /* Pods-SwiftCardReader.debug.xcconfig */;
			buildSettings = {
				ASSETCATALOG_COMPILER_APPICON_NAME = AppIcon;
				CODE_SIGN_STYLE = Automatic;
				DEVELOPMENT_TEAM = DNW46HQPWS;
				INFOPLIST_FILE = SwiftCardReader/Info.plist;
				LD_RUNPATH_SEARCH_PATHS = (
					"$(inherited)",
					"@executable_path/Frameworks",
				);
				PRODUCT_BUNDLE_IDENTIFIER = com.bilalBakhrom.SwiftCardReader;
				PRODUCT_NAME = "$(TARGET_NAME)";
				SWIFT_VERSION = 5.0;
				TARGETED_DEVICE_FAMILY = "1,2";
			};
			name = Debug;
		};
		D52CB72D2413D22E00DB8EF6 /* Release */ = {
			isa = XCBuildConfiguration;
			baseConfigurationReference = 3D26A91DBC1ABB4700B0138F /* Pods-SwiftCardReader.release.xcconfig */;
			buildSettings = {
				ASSETCATALOG_COMPILER_APPICON_NAME = AppIcon;
				CODE_SIGN_STYLE = Automatic;
				DEVELOPMENT_TEAM = DNW46HQPWS;
				INFOPLIST_FILE = SwiftCardReader/Info.plist;
				LD_RUNPATH_SEARCH_PATHS = (
					"$(inherited)",
					"@executable_path/Frameworks",
				);
				PRODUCT_BUNDLE_IDENTIFIER = com.bilalBakhrom.SwiftCardReader;
				PRODUCT_NAME = "$(TARGET_NAME)";
				SWIFT_VERSION = 5.0;
				TARGETED_DEVICE_FAMILY = "1,2";
			};
			name = Release;
		};
/* End XCBuildConfiguration section */

/* Begin XCConfigurationList section */
		D52CB7122413D22B00DB8EF6 /* Build configuration list for PBXProject "SwiftCardReader" */ = {
			isa = XCConfigurationList;
			buildConfigurations = (
				D52CB7292413D22E00DB8EF6 /* Debug */,
				D52CB72A2413D22E00DB8EF6 /* Release */,
			);
			defaultConfigurationIsVisible = 0;
			defaultConfigurationName = Release;
		};
		D52CB72B2413D22E00DB8EF6 /* Build configuration list for PBXNativeTarget "SwiftCardReader" */ = {
			isa = XCConfigurationList;
			buildConfigurations = (
				D52CB72C2413D22E00DB8EF6 /* Debug */,
				D52CB72D2413D22E00DB8EF6 /* Release */,
			);
			defaultConfigurationIsVisible = 0;
			defaultConfigurationName = Release;
		};
/* End XCConfigurationList section */
	};
	rootObject = D52CB70F2413D22B00DB8EF6 /* Project object */;
}
